{
  "name": "new-repo",
  "version": "1.0.1",
  "lockfileVersion": 3,
  "requires": true,
  "packages": {
    "": {
      "name": "new-repo",
      "version": "1.0.1",
      "license": "ISC",
      "dependencies": {
        "@rada-fairadova/ajs": "^1.0.1"
      },
      "devDependencies": {}
    },
    "node_modules/@rada-fairadova/ajs": {
      "version": "1.0.1",
      "resolved": "https://npm.pkg.github.com/download/@rada-fairadova/ajs/1.0.1/bb94b7a2a1e6a4889fa3ca0f7b090951318b0e5e",
      "integrity": "sha512-d0ukUDWLhDU8SgAtY75iQAYXpTyvT68Vcsapvleqfq0a44aUeg7k3RoZxcMBABFh/FhEgsjTjAWNPkU39xCInA==",
      "license": "ISC"
    }
  }
}
